Microsoft Visual Studio Solution File, Format Version 11.00
# Visual Studio 2008

Project("{D435858F-C17F-A438-393A-A58FA894ED8D}") = "GameEngines", "Assembly-CSharp.csproj", "{727107BC-37C3-A4C2-41CD-CA96AB3CD952}"
EndProject
Global
	GlobalSection(SolutionConfigurationPlatforms) = preSolution
		Debug|Any CPU = Debug|Any CPU
		Release|Any CPU = Release|Any CPU
	EndGlobalSection
	GlobalSection(ProjectConfigurationPlatforms) = postSolution
		{727107BC-37C3-A4C2-41CD-CA96AB3CD952}.Debug|Any CPU.ActiveCfg = Debug|Any CPU
		{727107BC-37C3-A4C2-41CD-CA96AB3CD952}.Debug|Any CPU.Build.0 = Debug|Any CPU
		{727107BC-37C3-A4C2-41CD-CA96AB3CD952}.Release|Any CPU.ActiveCfg = Release|Any CPU
		{727107BC-37C3-A4C2-41CD-CA96AB3CD952}.Release|Any CPU.Build.0 = Release|Any CPU
	EndGlobalSection
	GlobalSection(SolutionProperties) = preSolution
		HideSolutionNode = FALSE
	EndGlobalSection
	GlobalSection(MonoDevelopProperties) = preSolution
		Policies = $0
		$0.TextStylePolicy = $1
		$1.inheritsSet = null
		$1.scope = text/x-csharp
		$0.CSharpFormattingPolicy = $2
		$2.BeforeMethodDeclarationParentheses = False
		$2.AfterDelegateDeclarationParameterComma = True
		$2.inheritsSet = Mono
		$2.inheritsScope = text/x-csharp
		$2.scope = text/x-csharp
	EndGlobalSection
EndGlobal
