Microsoft Visual Studio Solution File, Format Version 11.00
# Visual Studio 2008

Project("{E389E9D7-5BED-CC43-C01D-EA1CDC9D92F2}") = "2.2-BasicSwitchesWithLevelManager", "Assembly-CSharp.csproj", "{4B4B75FD-5EDB-6F4D-E1C7-F3A90AEAF0B7}"
EndProject
Global
	GlobalSection(SolutionConfigurationPlatforms) = preSolution
		Debug|Any CPU = Debug|Any CPU
		Release|Any CPU = Release|Any CPU
	EndGlobalSection
	GlobalSection(ProjectConfigurationPlatforms) = postSolution
		{4B4B75FD-5EDB-6F4D-E1C7-F3A90AEAF0B7}.Debug|Any CPU.ActiveCfg = Debug|Any CPU
		{4B4B75FD-5EDB-6F4D-E1C7-F3A90AEAF0B7}.Debug|Any CPU.Build.0 = Debug|Any CPU
		{4B4B75FD-5EDB-6F4D-E1C7-F3A90AEAF0B7}.Release|Any CPU.ActiveCfg = Release|Any CPU
		{4B4B75FD-5EDB-6F4D-E1C7-F3A90AEAF0B7}.Release|Any CPU.Build.0 = Release|Any CPU
	EndGlobalSection
	GlobalSection(SolutionProperties) = preSolution
		HideSolutionNode = FALSE
	EndGlobalSection
	GlobalSection(MonoDevelopProperties) = preSolution
		StartupItem = Assembly-CSharp.csproj
	EndGlobalSection
EndGlobal
