Microsoft Visual Studio Solution File, Format Version 11.00
# Visual Studio 2008

Project("{BF9B4EEC-DC89-0A22-001A-DCEA56EC4DC6}") = "Puzzles", "Assembly-CSharp.csproj", "{3D8C8008-5044-3D7F-ACBF-CB8B37A85029}"
EndProject
Global
	GlobalSection(SolutionConfigurationPlatforms) = preSolution
		Debug|Any CPU = Debug|Any CPU
		Release|Any CPU = Release|Any CPU
	EndGlobalSection
	GlobalSection(ProjectConfigurationPlatforms) = postSolution
		{3D8C8008-5044-3D7F-ACBF-CB8B37A85029}.Debug|Any CPU.ActiveCfg = Debug|Any CPU
		{3D8C8008-5044-3D7F-ACBF-CB8B37A85029}.Debug|Any CPU.Build.0 = Debug|Any CPU
		{3D8C8008-5044-3D7F-ACBF-CB8B37A85029}.Release|Any CPU.ActiveCfg = Release|Any CPU
		{3D8C8008-5044-3D7F-ACBF-CB8B37A85029}.Release|Any CPU.Build.0 = Release|Any CPU
	EndGlobalSection
	GlobalSection(SolutionProperties) = preSolution
		HideSolutionNode = FALSE
	EndGlobalSection
	GlobalSection(MonoDevelopProperties) = preSolution
		StartupItem = Assembly-CSharp.csproj
	EndGlobalSection
EndGlobal
