Microsoft Visual Studio Solution File, Format Version 11.00
# Visual Studio 2008

Project("{4715B0E2-A10E-EDFB-22EA-56FA3D5EFC5A}") = "4.1-SimpleDoor", "Assembly-CSharp.csproj", "{83226A8E-5248-7BAB-CBC2-1B694135F79F}"
EndProject
Global
	GlobalSection(SolutionConfigurationPlatforms) = preSolution
		Debug|Any CPU = Debug|Any CPU
		Release|Any CPU = Release|Any CPU
	EndGlobalSection
	GlobalSection(ProjectConfigurationPlatforms) = postSolution
		{83226A8E-5248-7BAB-CBC2-1B694135F79F}.Debug|Any CPU.ActiveCfg = Debug|Any CPU
		{83226A8E-5248-7BAB-CBC2-1B694135F79F}.Debug|Any CPU.Build.0 = Debug|Any CPU
		{83226A8E-5248-7BAB-CBC2-1B694135F79F}.Release|Any CPU.ActiveCfg = Release|Any CPU
		{83226A8E-5248-7BAB-CBC2-1B694135F79F}.Release|Any CPU.Build.0 = Release|Any CPU
	EndGlobalSection
	GlobalSection(SolutionProperties) = preSolution
		HideSolutionNode = FALSE
	EndGlobalSection
	GlobalSection(MonoDevelopProperties) = preSolution
		StartupItem = Assembly-CSharp.csproj
	EndGlobalSection
EndGlobal
